// !$*UTF8*$!
{
	archiveVersion = 1;
	classes = {
	};
	objectVersion = 46;
	objects = {

/* Begin PBXBuildFile section */
		162B6FE51DA25A7B00153CA3 /* WeatherInformation+CoreDataProperties.m in Sources */ = {isa = PBXBuildFile; fileRef = 162B6FE21DA25A7B00153CA3 /* WeatherInformation+CoreDataProperties.m */; };
		162B6FE61DA25A7B00153CA3 /* WeatherInformation.m in Sources */ = {isa = PBXBuildFile; fileRef = 162B6FE41DA25A7B00153CA3 /* WeatherInformation.m */; };
		162B6FEA1DA270F100153CA3 /* DetailViewController.m in Sources */ = {isa = PBXBuildFile; fileRef = 162B6FE91DA270F100153CA3 /* DetailViewController.m */; };
		163BB1C01DA14FE100E1A987 /* main.m in Sources */ = {isa = PBXBuildFile; fileRef = 163BB1BF1DA14FE100E1A987 /* main.m */; };
		163BB1C31DA14FE100E1A987 /* AppDelegate.m in Sources */ = {isa = PBXBuildFile; fileRef = 163BB1C21DA14FE100E1A987 /* AppDelegate.m */; };
		163BB1C91DA14FE100E1A987 /* Main.storyboard in Resources */ = {isa = PBXBuildFile; fileRef = 163BB1C71DA14FE100E1A987 /* Main.storyboard */; };
		163BB1CC1DA14FE100E1A987 /* Prototype.xcdatamodeld in Sources */ = {isa = PBXBuildFile; fileRef = 163BB1CA1DA14FE100E1A987 /* Prototype.xcdatamodeld */; };
		163BB1CE1DA14FE100E1A987 /* Assets.xcassets in Resources */ = {isa = PBXBuildFile; fileRef = 163BB1CD1DA14FE100E1A987 /* Assets.xcassets */; };
		163BB1D11DA14FE100E1A987 /* LaunchScreen.storyboard in Resources */ = {isa = PBXBuildFile; fileRef = 163BB1CF1DA14FE100E1A987 /* LaunchScreen.storyboard */; };
		163BB1DA1DA14FFA00E1A987 /* DataCollector.m in Sources */ = {isa = PBXBuildFile; fileRef = 163BB1D91DA14FFA00E1A987 /* DataCollector.m */; };
		163BB1DD1DA1510100E1A987 /* WeatherRequestManager.m in Sources */ = {isa = PBXBuildFile; fileRef = 163BB1DC1DA1510100E1A987 /* WeatherRequestManager.m */; };
		163BB1E01DA1512900E1A987 /* LocationRequestManager.m in Sources */ = {isa = PBXBuildFile; fileRef = 163BB1DF1DA1512900E1A987 /* LocationRequestManager.m */; };
		163BB1E21DA1518800E1A987 /* CoreLocation.framework in Frameworks */ = {isa = PBXBuildFile; fileRef = 163BB1E11DA1518800E1A987 /* CoreLocation.framework */; };
		163BB1E51DA151BB00E1A987 /* CoreDataManager.m in Sources */ = {isa = PBXBuildFile; fileRef = 163BB1E41DA151BB00E1A987 /* CoreDataManager.m */; };
		163BB2351DA1843100E1A987 /* FKDataManager.m in Sources */ = {isa = PBXBuildFile; fileRef = 163BB2271DA1843100E1A987 /* FKDataManager.m */; };
		163BB2361DA1843100E1A987 /* FKDataModel.xcdatamodeld in Sources */ = {isa = PBXBuildFile; fileRef = 163BB2281DA1843100E1A987 /* FKDataModel.xcdatamodeld */; };
		163BB2371DA1843100E1A987 /* FKForecast.m in Sources */ = {isa = PBXBuildFile; fileRef = 163BB22B1DA1843100E1A987 /* FKForecast.m */; };
		163BB2381DA1843100E1A987 /* FKForecastRequester.m in Sources */ = {isa = PBXBuildFile; fileRef = 163BB22D1DA1843100E1A987 /* FKForecastRequester.m */; };
		163BB2391DA1843100E1A987 /* FKLocation.m in Sources */ = {isa = PBXBuildFile; fileRef = 163BB22F1DA1843100E1A987 /* FKLocation.m */; };
		163BB23A1DA1843100E1A987 /* FKResponseParser.m in Sources */ = {isa = PBXBuildFile; fileRef = 163BB2311DA1843100E1A987 /* FKResponseParser.m */; };
		163BB23B1DA1843100E1A987 /* FKStore.m in Sources */ = {isa = PBXBuildFile; fileRef = 163BB2331DA1843100E1A987 /* FKStore.m */; };
		163BB23C1DA1843100E1A987 /* Zipcodes.sqlite in Resources */ = {isa = PBXBuildFile; fileRef = 163BB2341DA1843100E1A987 /* Zipcodes.sqlite */; };
		163BB2431DA185FD00E1A987 /* MainViewController.m in Sources */ = {isa = PBXBuildFile; fileRef = 163BB2421DA185FD00E1A987 /* MainViewController.m */; };
		163BB2461DA1860F00E1A987 /* HistoryViewController.m in Sources */ = {isa = PBXBuildFile; fileRef = 163BB2451DA1860F00E1A987 /* HistoryViewController.m */; };
/* End PBXBuildFile section */

/* Begin PBXFileReference section */
		162B6FE11DA25A7B00153CA3 /* WeatherInformation+CoreDataProperties.h */ = {isa = PBXFileReference; fileEncoding = 4; lastKnownFileType = sourcecode.c.h; path = "WeatherInformation+CoreDataProperties.h"; sourceTree = "<group>"; };
		162B6FE21DA25A7B00153CA3 /* WeatherInformation+CoreDataProperties.m */ = {isa = PBXFileReference; fileEncoding = 4; lastKnownFileType = sourcecode.c.objc; path = "WeatherInformation+CoreDataProperties.m"; sourceTree = "<group>"; };
		162B6FE31DA25A7B00153CA3 /* WeatherInformation.h */ = {isa = PBXFileReference; fileEncoding = 4; lastKnownFileType = sourcecode.c.h; path = WeatherInformation.h; sourceTree = "<group>"; };
		162B6FE41DA25A7B00153CA3 /* WeatherInformation.m */ = {isa = PBXFileReference; fileEncoding = 4; lastKnownFileType = sourcecode.c.objc; path = WeatherInformation.m; sourceTree = "<group>"; };
		162B6FE81DA270F100153CA3 /* DetailViewController.h */ = {isa = PBXFileReference; fileEncoding = 4; lastKnownFileType = sourcecode.c.h; path = DetailViewController.h; sourceTree = "<group>"; };
		162B6FE91DA270F100153CA3 /* DetailViewController.m */ = {isa = PBXFileReference; fileEncoding = 4; lastKnownFileType = sourcecode.c.objc; path = DetailViewController.m; sourceTree = "<group>"; };
		163BB1BB1DA14FE100E1A987 /* Prototype.app */ = {isa = PBXFileReference; explicitFileType = wrapper.application; includeInIndex = 0; path = Prototype.app; sourceTree = BUILT_PRODUCTS_DIR; };
		163BB1BF1DA14FE100E1A987 /* main.m */ = {isa = PBXFileReference; lastKnownFileType = sourcecode.c.objc; path = main.m; sourceTree = "<group>"; };
		163BB1C11DA14FE100E1A987 /* AppDelegate.h */ = {isa = PBXFileReference; lastKnownFileType = sourcecode.c.h; path = AppDelegate.h; sourceTree = "<group>"; };
		163BB1C21DA14FE100E1A987 /* AppDelegate.m */ = {isa = PBXFileReference; lastKnownFileType = sourcecode.c.objc; path = AppDelegate.m; sourceTree = "<group>"; };
		163BB1C81DA14FE100E1A987 /* Base */ = {isa = PBXFileReference; lastKnownFileType = file.storyboard; name = Base; path = Base.lproj/Main.storyboard; sourceTree = "<group>"; };
		163BB1CB1DA14FE100E1A987 /* Prototype.xcdatamodel */ = {isa = PBXFileReference; lastKnownFileType = wrapper.xcdatamodel; path = Prototype.xcdatamodel; sourceTree = "<group>"; };
		163BB1CD1DA14FE100E1A987 /* Assets.xcassets */ = {isa = PBXFileReference; lastKnownFileType = folder.assetcatalog; path = Assets.xcassets; sourceTree = "<group>"; };
		163BB1D01DA14FE100E1A987 /* Base */ = {isa = PBXFileReference; lastKnownFileType = file.storyboard; name = Base; path = Base.lproj/LaunchScreen.storyboard; sourceTree = "<group>"; };
		163BB1D21DA14FE100E1A987 /* Info.plist */ = {isa = PBXFileReference; lastKnownFileType = text.plist.xml; path = Info.plist; sourceTree = "<group>"; };
		163BB1D81DA14FFA00E1A987 /* DataCollector.h */ = {isa = PBXFileReference; fileEncoding = 4; lastKnownFileType = sourcecode.c.h; path = DataCollector.h; sourceTree = "<group>"; };
		163BB1D91DA14FFA00E1A987 /* DataCollector.m */ = {isa = PBXFileReference; fileEncoding = 4; lastKnownFileType = sourcecode.c.objc; path = DataCollector.m; sourceTree = "<group>"; };
		163BB1DB1DA1510100E1A987 /* WeatherRequestManager.h */ = {isa = PBXFileReference; fileEncoding = 4; lastKnownFileType = sourcecode.c.h; path = WeatherRequestManager.h; sourceTree = "<group>"; };
		163BB1DC1DA1510100E1A987 /* WeatherRequestManager.m */ = {isa = PBXFileReference; fileEncoding = 4; lastKnownFileType = sourcecode.c.objc; path = WeatherRequestManager.m; sourceTree = "<group>"; };
		163BB1DE1DA1512900E1A987 /* LocationRequestManager.h */ = {isa = PBXFileReference; fileEncoding = 4; lastKnownFileType = sourcecode.c.h; path = LocationRequestManager.h; sourceTree = "<group>"; };
		163BB1DF1DA1512900E1A987 /* LocationRequestManager.m */ = {isa = PBXFileReference; fileEncoding = 4; lastKnownFileType = sourcecode.c.objc; path = LocationRequestManager.m; sourceTree = "<group>"; };
		163BB1E11DA1518800E1A987 /* CoreLocation.framework */ = {isa = PBXFileReference; lastKnownFileType = wrapper.framework; name = CoreLocation.framework; path = System/Library/Frameworks/CoreLocation.framework; sourceTree = SDKROOT; };
		163BB1E31DA151BB00E1A987 /* CoreDataManager.h */ = {isa = PBXFileReference; fileEncoding = 4; lastKnownFileType = sourcecode.c.h; path = CoreDataManager.h; sourceTree = "<group>"; };
		163BB1E41DA151BB00E1A987 /* CoreDataManager.m */ = {isa = PBXFileReference; fileEncoding = 4; lastKnownFileType = sourcecode.c.objc; path = CoreDataManager.m; sourceTree = "<group>"; };
		163BB2261DA1843100E1A987 /* FKDataManager.h */ = {isa = PBXFileReference; fileEncoding = 4; lastKnownFileType = sourcecode.c.h; path = FKDataManager.h; sourceTree = "<group>"; };
		163BB2271DA1843100E1A987 /* FKDataManager.m */ = {isa = PBXFileReference; fileEncoding = 4; lastKnownFileType = sourcecode.c.objc; path = FKDataManager.m; sourceTree = "<group>"; };
		163BB2291DA1843100E1A987 /* FKDataModel.xcdatamodel */ = {isa = PBXFileReference; lastKnownFileType = wrapper.xcdatamodel; path = FKDataModel.xcdatamodel; sourceTree = "<group>"; };
		163BB22A1DA1843100E1A987 /* FKForecast.h */ = {isa = PBXFileReference; fileEncoding = 4; lastKnownFileType = sourcecode.c.h; path = FKForecast.h; sourceTree = "<group>"; };
		163BB22B1DA1843100E1A987 /* FKForecast.m */ = {isa = PBXFileReference; fileEncoding = 4; lastKnownFileType = sourcecode.c.objc; path = FKForecast.m; sourceTree = "<group>"; };
		163BB22C1DA1843100E1A987 /* FKForecastRequester.h */ = {isa = PBXFileReference; fileEncoding = 4; lastKnownFileType = sourcecode.c.h; path = FKForecastRequester.h; sourceTree = "<group>"; };
		163BB22D1DA1843100E1A987 /* FKForecastRequester.m */ = {isa = PBXFileReference; fileEncoding = 4; lastKnownFileType = sourcecode.c.objc; path = FKForecastRequester.m; sourceTree = "<group>"; };
		163BB22E1DA1843100E1A987 /* FKLocation.h */ = {isa = PBXFileReference; fileEncoding = 4; lastKnownFileType = sourcecode.c.h; path = FKLocation.h; sourceTree = "<group>"; };
		163BB22F1DA1843100E1A987 /* FKLocation.m */ = {isa = PBXFileReference; fileEncoding = 4; lastKnownFileType = sourcecode.c.objc; path = FKLocation.m; sourceTree = "<group>"; };
		163BB2301DA1843100E1A987 /* FKResponseParser.h */ = {isa = PBXFileReference; fileEncoding = 4; lastKnownFileType = sourcecode.c.h; path = FKResponseParser.h; sourceTree = "<group>"; };
		163BB2311DA1843100E1A987 /* FKResponseParser.m */ = {isa = PBXFileReference; fileEncoding = 4; lastKnownFileType = sourcecode.c.objc; path = FKResponseParser.m; sourceTree = "<group>"; };
		163BB2321DA1843100E1A987 /* FKStore.h */ = {isa = PBXFileReference; fileEncoding = 4; lastKnownFileType = sourcecode.c.h; path = FKStore.h; sourceTree = "<group>"; };
		163BB2331DA1843100E1A987 /* FKStore.m */ = {isa = PBXFileReference; fileEncoding = 4; lastKnownFileType = sourcecode.c.objc; path = FKStore.m; sourceTree = "<group>"; };
		163BB2341DA1843100E1A987 /* Zipcodes.sqlite */ = {isa = PBXFileReference; lastKnownFileType = file; path = Zipcodes.sqlite; sourceTree = "<group>"; };
		163BB2411DA185FD00E1A987 /* MainViewController.h */ = {isa = PBXFileReference; fileEncoding = 4; lastKnownFileType = sourcecode.c.h; path = MainViewController.h; sourceTree = "<group>"; };
		163BB2421DA185FD00E1A987 /* MainViewController.m */ = {isa = PBXFileReference; fileEncoding = 4; lastKnownFileType = sourcecode.c.objc; path = MainViewController.m; sourceTree = "<group>"; };
		163BB2441DA1860F00E1A987 /* HistoryViewController.h */ = {isa = PBXFileReference; fileEncoding = 4; lastKnownFileType = sourcecode.c.h; path = HistoryViewController.h; sourceTree = "<group>"; };
		163BB2451DA1860F00E1A987 /* HistoryViewController.m */ = {isa = PBXFileReference; fileEncoding = 4; lastKnownFileType = sourcecode.c.objc; path = HistoryViewController.m; sourceTree = "<group>"; };
/* End PBXFileReference section */

/* Begin PBXFrameworksBuildPhase section */
		163BB1B81DA14FE100E1A987 /* Frameworks */ = {
			isa = PBXFrameworksBuildPhase;
			buildActionMask = 2147483647;
			files = (
				163BB1E21DA1518800E1A987 /* CoreLocation.framework in Frameworks */,
			);
			runOnlyForDeploymentPostprocessing = 0;
		};
/* End PBXFrameworksBuildPhase section */

/* Begin PBXGroup section */
		162B6FE71DA25A8300153CA3 /* CoreDataModel */ = {
			isa = PBXGroup;
			children = (
				162B6FE11DA25A7B00153CA3 /* WeatherInformation+CoreDataProperties.h */,
				162B6FE21DA25A7B00153CA3 /* WeatherInformation+CoreDataProperties.m */,
				162B6FE31DA25A7B00153CA3 /* WeatherInformation.h */,
				162B6FE41DA25A7B00153CA3 /* WeatherInformation.m */,
			);
			name = CoreDataModel;
			path = ..;
			sourceTree = "<group>";
		};
		162B6FEB1DA2771200153CA3 /* ViewControllers */ = {
			isa = PBXGroup;
			children = (
				163BB2411DA185FD00E1A987 /* MainViewController.h */,
				163BB2421DA185FD00E1A987 /* MainViewController.m */,
				163BB2441DA1860F00E1A987 /* HistoryViewController.h */,
				163BB2451DA1860F00E1A987 /* HistoryViewController.m */,
				162B6FE81DA270F100153CA3 /* DetailViewController.h */,
				162B6FE91DA270F100153CA3 /* DetailViewController.m */,
			);
			name = ViewControllers;
			sourceTree = "<group>";
		};
		163BB1B21DA14FE100E1A987 = {
			isa = PBXGroup;
			children = (
				163BB1BD1DA14FE100E1A987 /* Prototype */,
				163BB1BC1DA14FE100E1A987 /* Products */,
				16551BB21DA3A7710000C777 /* Frameworks */,
			);
			sourceTree = "<group>";
		};
		163BB1BC1DA14FE100E1A987 /* Products */ = {
			isa = PBXGroup;
			children = (
				163BB1BB1DA14FE100E1A987 /* Prototype.app */,
			);
			name = Products;
			sourceTree = "<group>";
		};
		163BB1BD1DA14FE100E1A987 /* Prototype */ = {
			isa = PBXGroup;
			children = (
				163BB1CA1DA14FE100E1A987 /* Prototype.xcdatamodeld */,
				16551BB01DA3A63E0000C777 /* Resources */,
				16551BAF1DA3A6270000C777 /* Classes */,
				163BB1C11DA14FE100E1A987 /* AppDelegate.h */,
				163BB1C21DA14FE100E1A987 /* AppDelegate.m */,
				163BB1BE1DA14FE100E1A987 /* Supporting Files */,
			);
			path = Prototype;
			sourceTree = "<group>";
		};
		163BB1BE1DA14FE100E1A987 /* Supporting Files */ = {
			isa = PBXGroup;
			children = (
				163BB1BF1DA14FE100E1A987 /* main.m */,
				163BB1D21DA14FE100E1A987 /* Info.plist */,
			);
			name = "Supporting Files";
			sourceTree = "<group>";
		};
		163BB2251DA1843100E1A987 /* NOAAForecastKit */ = {
			isa = PBXGroup;
			children = (
				163BB2261DA1843100E1A987 /* FKDataManager.h */,
				163BB2271DA1843100E1A987 /* FKDataManager.m */,
				163BB2281DA1843100E1A987 /* FKDataModel.xcdatamodeld */,
				163BB22A1DA1843100E1A987 /* FKForecast.h */,
				163BB22B1DA1843100E1A987 /* FKForecast.m */,
				163BB22C1DA1843100E1A987 /* FKForecastRequester.h */,
				163BB22D1DA1843100E1A987 /* FKForecastRequester.m */,
				163BB22E1DA1843100E1A987 /* FKLocation.h */,
				163BB22F1DA1843100E1A987 /* FKLocation.m */,
				163BB2301DA1843100E1A987 /* FKResponseParser.h */,
				163BB2311DA1843100E1A987 /* FKResponseParser.m */,
				163BB2321DA1843100E1A987 /* FKStore.h */,
				163BB2331DA1843100E1A987 /* FKStore.m */,
				163BB2341DA1843100E1A987 /* Zipcodes.sqlite */,
			);
			path = NOAAForecastKit;
			sourceTree = "<group>";
		};
		16551BAF1DA3A6270000C777 /* Classes */ = {
			isa = PBXGroup;
			children = (
				16551BB11DA3A6570000C777 /* External Libs */,
				162B6FE71DA25A8300153CA3 /* CoreDataModel */,
				162B6FEB1DA2771200153CA3 /* ViewControllers */,
				163BB1D81DA14FFA00E1A987 /* DataCollector.h */,
				163BB1D91DA14FFA00E1A987 /* DataCollector.m */,
				163BB1DE1DA1512900E1A987 /* LocationRequestManager.h */,
				163BB1DF1DA1512900E1A987 /* LocationRequestManager.m */,
				163BB1DB1DA1510100E1A987 /* WeatherRequestManager.h */,
				163BB1DC1DA1510100E1A987 /* WeatherRequestManager.m */,
				163BB1E31DA151BB00E1A987 /* CoreDataManager.h */,
				163BB1E41DA151BB00E1A987 /* CoreDataManager.m */,
			);
			name = Classes;
			sourceTree = "<group>";
		};
		16551BB01DA3A63E0000C777 /* Resources */ = {
			isa = PBXGroup;
			children = (
				163BB1C71DA14FE100E1A987 /* Main.storyboard */,
				163BB1CD1DA14FE100E1A987 /* Assets.xcassets */,
				163BB1CF1DA14FE100E1A987 /* LaunchScreen.storyboard */,
			);
			name = Resources;
			sourceTree = "<group>";
		};
		16551BB11DA3A6570000C777 /* External Libs */ = {
			isa = PBXGroup;
			children = (
				163BB2251DA1843100E1A987 /* NOAAForecastKit */,
			);
			name = "External Libs";
			sourceTree = "<group>";
		};
		16551BB21DA3A7710000C777 /* Frameworks */ = {
			isa = PBXGroup;
			children = (
				163BB1E11DA1518800E1A987 /* CoreLocation.framework */,
			);
			name = Frameworks;
			sourceTree = "<group>";
		};
/* End PBXGroup section */

/* Begin PBXNativeTarget section */
		163BB1BA1DA14FE100E1A987 /* Prototype */ = {
			isa = PBXNativeTarget;
			buildConfigurationList = 163BB1D51DA14FE100E1A987 /* Build configuration list for PBXNativeTarget "Prototype" */;
			buildPhases = (
				163BB1B71DA14FE100E1A987 /* Sources */,
				163BB1B81DA14FE100E1A987 /* Frameworks */,
				163BB1B91DA14FE100E1A987 /* Resources */,
			);
			buildRules = (
			);
			dependencies = (
			);
			name = Prototype;
			productName = Prototype;
			productReference = 163BB1BB1DA14FE100E1A987 /* Prototype.app */;
			productType = "com.apple.product-type.application";
		};
/* End PBXNativeTarget section */

/* Begin PBXProject section */
		163BB1B31DA14FE100E1A987 /* Project object */ = {
			isa = PBXProject;
			attributes = {
				LastUpgradeCheck = 0720;
				ORGANIZATIONNAME = "Andrei Karpenia";
				TargetAttributes = {
					163BB1BA1DA14FE100E1A987 = {
						CreatedOnToolsVersion = 7.2;
					};
				};
			};
			buildConfigurationList = 163BB1B61DA14FE100E1A987 /* Build configuration list for PBXProject "Prototype" */;
			compatibilityVersion = "Xcode 3.2";
			developmentRegion = English;
			hasScannedForEncodings = 0;
			knownRegions = (
				en,
				Base,
			);
			mainGroup = 163BB1B21DA14FE100E1A987;
			productRefGroup = 163BB1BC1DA14FE100E1A987 /* Products */;
			projectDirPath = "";
			projectRoot = "";
			targets = (
				163BB1BA1DA14FE100E1A987 /* Prototype */,
			);
		};
/* End PBXProject section */

/* Begin PBXResourcesBuildPhase section */
		163BB1B91DA14FE100E1A987 /* Resources */ = {
			isa = PBXResourcesBuildPhase;
			buildActionMask = 2147483647;
			files = (
				163BB23C1DA1843100E1A987 /* Zipcodes.sqlite in Resources */,
				163BB1D11DA14FE100E1A987 /* LaunchScreen.storyboard in Resources */,
				163BB1CE1DA14FE100E1A987 /* Assets.xcassets in Resources */,
				163BB1C91DA14FE100E1A987 /* Main.storyboard in Resources */,
			);
			runOnlyForDeploymentPostprocessing = 0;
		};
/* End PBXResourcesBuildPhase section */

/* Begin PBXSourcesBuildPhase section */
		163BB1B71DA14FE100E1A987 /* Sources */ = {
			isa = PBXSourcesBuildPhase;
			buildActionMask = 2147483647;
			files = (
				163BB2461DA1860F00E1A987 /* HistoryViewController.m in Sources */,
				162B6FEA1DA270F100153CA3 /* DetailViewController.m in Sources */,
				163BB1CC1DA14FE100E1A987 /* Prototype.xcdatamodeld in Sources */,
				163BB2431DA185FD00E1A987 /* MainViewController.m in Sources */,
				163BB1DA1DA14FFA00E1A987 /* DataCollector.m in Sources */,
				163BB2361DA1843100E1A987 /* FKDataModel.xcdatamodeld in Sources */,
				162B6FE51DA25A7B00153CA3 /* WeatherInformation+CoreDataProperties.m in Sources */,
				163BB1E51DA151BB00E1A987 /* CoreDataManager.m in Sources */,
				163BB2381DA1843100E1A987 /* FKForecastRequester.m in Sources */,
				163BB1DD1DA1510100E1A987 /* WeatherRequestManager.m in Sources */,
				163BB2391DA1843100E1A987 /* FKLocation.m in Sources */,
				163BB2351DA1843100E1A987 /* FKDataManager.m in Sources */,
				163BB23A1DA1843100E1A987 /* FKResponseParser.m in Sources */,
				163BB1E01DA1512900E1A987 /* LocationRequestManager.m in Sources */,
				162B6FE61DA25A7B00153CA3 /* WeatherInformation.m in Sources */,
				163BB23B1DA1843100E1A987 /* FKStore.m in Sources */,
				163BB2371DA1843100E1A987 /* FKForecast.m in Sources */,
				163BB1C31DA14FE100E1A987 /* AppDelegate.m in Sources */,
				163BB1C01DA14FE100E1A987 /* main.m in Sources */,
			);
			runOnlyForDeploymentPostprocessing = 0;
		};
/* End PBXSourcesBuildPhase section */

/* Begin PBXVariantGroup section */
		163BB1C71DA14FE100E1A987 /* Main.storyboard */ = {
			isa = PBXVariantGroup;
			children = (
				163BB1C81DA14FE100E1A987 /* Base */,
			);
			name = Main.storyboard;
			sourceTree = "<group>";
		};
		163BB1CF1DA14FE100E1A987 /* LaunchScreen.storyboard */ = {
			isa = PBXVariantGroup;
			children = (
				163BB1D01DA14FE100E1A987 /* Base */,
			);
			name = LaunchScreen.storyboard;
			sourceTree = "<group>";
		};
/* End PBXVariantGroup section */

/* Begin XCBuildConfiguration section */
		163BB1D31DA14FE100E1A987 /* Debug */ = {
			isa = XCBuildConfiguration;
			buildSettings = {
				ALWAYS_SEARCH_USER_PATHS = NO;
				CLANG_CXX_LANGUAGE_STANDARD = "gnu++0x";
				CLANG_CXX_LIBRARY = "libc++";
				CLANG_ENABLE_MODULES = YES;
				CLANG_ENABLE_OBJC_ARC = YES;
				CLANG_WARN_BOOL_CONVERSION = YES;
				CLANG_WARN_CONSTANT_CONVERSION = YES;
				CLANG_WARN_DIRECT_OBJC_ISA_USAGE = YES_ERROR;
				CLANG_WARN_EMPTY_BODY = YES;
				CLANG_WARN_ENUM_CONVERSION = YES;
				CLANG_WARN_INT_CONVERSION = YES;
				CLANG_WARN_OBJC_ROOT_CLASS = YES_ERROR;
				CLANG_WARN_UNREACHABLE_CODE = YES;
				CLANG_WARN__DUPLICATE_METHOD_MATCH = YES;
				"CODE_SIGN_IDENTITY[sdk=iphoneos*]" = "iPhone Developer";
				COPY_PHASE_STRIP = NO;
				DEBUG_INFORMATION_FORMAT = dwarf;
				ENABLE_STRICT_OBJC_MSGSEND = YES;
				ENABLE_TESTABILITY = YES;
				GCC_C_LANGUAGE_STANDARD = gnu99;
				GCC_DYNAMIC_NO_PIC = NO;
				GCC_NO_COMMON_BLOCKS = YES;
				GCC_OPTIMIZATION_LEVEL = 0;
				GCC_PREPROCESSOR_DEFINITIONS = (
					"DEBUG=1",
					"$(inherited)",
				);
				GCC_WARN_64_TO_32_BIT_CONVERSION = YES;
				GCC_WARN_ABOUT_RETURN_TYPE = YES_ERROR;
				GCC_WARN_UNDECLARED_SELECTOR = YES;
				GCC_WARN_UNINITIALIZED_AUTOS = YES_AGGRESSIVE;
				GCC_WARN_UNUSED_FUNCTION = YES;
				GCC_WARN_UNUSED_VARIABLE = YES;
				IPHONEOS_DEPLOYMENT_TARGET = 9.2;
				MTL_ENABLE_DEBUG_INFO = YES;
				ONLY_ACTIVE_ARCH = YES;
				SDKROOT = iphoneos;
			};
			name = Debug;
		};
		163BB1D41DA14FE100E1A987 /* Release */ = {
			isa = XCBuildConfiguration;
			buildSettings = {
				ALWAYS_SEARCH_USER_PATHS = NO;
				CLANG_CXX_LANGUAGE_STANDARD = "gnu++0x";
				CLANG_CXX_LIBRARY = "libc++";
				CLANG_ENABLE_MODULES = YES;
				CLANG_ENABLE_OBJC_ARC = YES;
				CLANG_WARN_BOOL_CONVERSION = YES;
				CLANG_WARN_CONSTANT_CONVERSION = YES;
				CLANG_WARN_DIRECT_OBJC_ISA_USAGE = YES_ERROR;
				CLANG_WARN_EMPTY_BODY = YES;
				CLANG_WARN_ENUM_CONVERSION = YES;
				CLANG_WARN_INT_CONVERSION = YES;
				CLANG_WARN_OBJC_ROOT_CLASS = YES_ERROR;
				CLANG_WARN_UNREACHABLE_CODE = YES;
				CLANG_WARN__DUPLICATE_METHOD_MATCH = YES;
				"CODE_SIGN_IDENTITY[sdk=iphoneos*]" = "iPhone Developer";
				COPY_PHASE_STRIP = NO;
				DEBUG_INFORMATION_FORMAT = "dwarf-with-dsym";
				ENABLE_NS_ASSERTIONS = NO;
				ENABLE_STRICT_OBJC_MSGSEND = YES;
				GCC_C_LANGUAGE_STANDARD = gnu99;
				GCC_NO_COMMON_BLOCKS = YES;
				GCC_WARN_64_TO_32_BIT_CONVERSION = YES;
				GCC_WARN_ABOUT_RETURN_TYPE = YES_ERROR;
				GCC_WARN_UNDECLARED_SELECTOR = YES;
				GCC_WARN_UNINITIALIZED_AUTOS = YES_AGGRESSIVE;
				GCC_WARN_UNUSED_FUNCTION = YES;
				GCC_WARN_UNUSED_VARIABLE = YES;
				IPHONEOS_DEPLOYMENT_TARGET = 9.2;
				MTL_ENABLE_DEBUG_INFO = NO;
				SDKROOT = iphoneos;
				VALIDATE_PRODUCT = YES;
			};
			name = Release;
		};
		163BB1D61DA14FE100E1A987 /* Debug */ = {
			isa = XCBuildConfiguration;
			buildSettings = {
				ASSETCATALOG_COMPILER_APPICON_NAME = AppIcon;
				INFOPLIST_FILE = Prototype/Info.plist;
				LD_RUNPATH_SEARCH_PATHS = "$(inherited) @executable_path/Frameworks";
				PRODUCT_BUNDLE_IDENTIFIER = AK.Prototype;
				PRODUCT_NAME = "$(TARGET_NAME)";
			};
			name = Debug;
		};
		163BB1D71DA14FE100E1A987 /* Release */ = {
			isa = XCBuildConfiguration;
			buildSettings = {
				ASSETCATALOG_COMPILER_APPICON_NAME = AppIcon;
				INFOPLIST_FILE = Prototype/Info.plist;
				LD_RUNPATH_SEARCH_PATHS = "$(inherited) @executable_path/Frameworks";
				PRODUCT_BUNDLE_IDENTIFIER = AK.Prototype;
				PRODUCT_NAME = "$(TARGET_NAME)";
			};
			name = Release;
		};
/* End XCBuildConfiguration section */

/* Begin XCConfigurationList section */
		163BB1B61DA14FE100E1A987 /* Build configuration list for PBXProject "Prototype" */ = {
			isa = XCConfigurationList;
			buildConfigurations = (
				163BB1D31DA14FE100E1A987 /* Debug */,
				163BB1D41DA14FE100E1A987 /* Release */,
			);
			defaultConfigurationIsVisible = 0;
			defaultConfigurationName = Release;
		};
		163BB1D51DA14FE100E1A987 /* Build configuration list for PBXNativeTarget "Prototype" */ = {
			isa = XCConfigurationList;
			buildConfigurations = (
				163BB1D61DA14FE100E1A987 /* Debug */,
				163BB1D71DA14FE100E1A987 /* Release */,
			);
			defaultConfigurationIsVisible = 0;
			defaultConfigurationName = Release;
		};
/* End XCConfigurationList section */

/* Begin XCVersionGroup section */
		163BB1CA1DA14FE100E1A987 /* Prototype.xcdatamodeld */ = {
			isa = XCVersionGroup;
			children = (
				163BB1CB1DA14FE100E1A987 /* Prototype.xcdatamodel */,
			);
			currentVersion = 163BB1CB1DA14FE100E1A987 /* Prototype.xcdatamodel */;
			path = Prototype.xcdatamodeld;
			sourceTree = "<group>";
			versionGroupType = wrapper.xcdatamodel;
		};
		163BB2281DA1843100E1A987 /* FKDataModel.xcdatamodeld */ = {
			isa = XCVersionGroup;
			children = (
				163BB2291DA1843100E1A987 /* FKDataModel.xcdatamodel */,
			);
			currentVersion = 163BB2291DA1843100E1A987 /* FKDataModel.xcdatamodel */;
			path = FKDataModel.xcdatamodeld;
			sourceTree = "<group>";
			versionGroupType = wrapper.xcdatamodel;
		};
/* End XCVersionGroup section */
	};
	rootObject = 163BB1B31DA14FE100E1A987 /* Project object */;
}
